
Microsoft Visual Studio Solution File, Format Version 12.00
Project("{FAE04EC0-301F-11D3-BF4B-00C04F79EFBC}") = "TrickingLibraryAPI", "TrickingLibraryAPI\TrickingLibraryAPI.csproj", "{CF6B9F3A-1896-45F7-82C3-4D3405262C24}"
EndProject
Global
	GlobalSection(SolutionConfigurationPlatforms) = preSolution
		Debug|Any CPU = Debug|Any CPU
		Release|Any CPU = Release|Any CPU
	EndGlobalSection
	GlobalSection(ProjectConfigurationPlatforms) = postSolution
		{CF6B9F3A-1896-45F7-82C3-4D3405262C24}.Debug|Any CPU.ActiveCfg = Debug|Any CPU
		{CF6B9F3A-1896-45F7-82C3-4D3405262C24}.Debug|Any CPU.Build.0 = Debug|Any CPU
		{CF6B9F3A-1896-45F7-82C3-4D3405262C24}.Release|Any CPU.ActiveCfg = Release|Any CPU
		{CF6B9F3A-1896-45F7-82C3-4D3405262C24}.Release|Any CPU.Build.0 = Release|Any CPU
	EndGlobalSection
EndGlobal
